{
  "name": "ubi-assistant",
  "version": "1.0.0",
  "lockfileVersion": 1,
  "requires": true,
  "dependencies": {
    "@colors/colors": {
      "version": "1.5.0",
      "resolved": "https://repository.eng.netsuite.com/content/repositories/npmjs/@colors/colors/-/colors-1.5.0.tgz",
      "integrity": "sha1-u1BFecHK6SPmV2pPXaQ9Jfl729k=",
      "dev": true,
      "optional": true
    },
    "@cypress/request": {
      "version": "2.88.10",
      "resolved": "https://repository.eng.netsuite.com/content/repositories/npmjs/@cypress/request/-/request-2.88.10.tgz",
      "integrity": "sha1-tm12sH+GDTpLjXoGBNAgxmJ1LM4=",
      "dev": true,
      "requires": {
        "aws-sign2": "~0.7.0",
        "aws4": "^1.8.0",
        "caseless": "~0.12.0",
        "combined-stream": "~1.0.6",
        "extend": "~3.0.2",
        "forever-agent": "~0.6.1",
        "form-data": "~2.3.2",
        "http-signature": "~1.3.6",
        "is-typedarray": "~1.0.0",
        "isstream": "~0.1.2",
        "json-stringify-safe": "~5.0.1",
        "mime-types": "~2.1.19",
        "performance-now": "^2.1.0",
        "qs": "~6.5.2",
        "safe-buffer": "^5.1.2",
        "tough-cookie": "~2.5.0",
        "tunnel-agent": "^0.6.0",
        "uuid": "^8.3.2"
      }
    },
    "@cypress/xvfb": {
      "version": "1.2.4",
      "resolved": "https://repository.eng.netsuite.com/content/repositories/npmjs/@cypress/xvfb/-/xvfb-1.2.4.tgz",
      "integrity": "sha1-La9C6CdbOfSqU8FCFOVXvRTndIo=",
      "dev": true,
      "requires": {
        "debug": "^3.1.0",
        "lodash.once": "^4.1.1"
      },
      "dependencies": {
        "debug": {
          "version": "3.2.7",
          "resolved": "https://repository.eng.netsuite.com/content/repositories/npmjs/debug/-/debug-3.2.7.tgz",
          "integrity": "sha1-clgLfpFF+zm2Z2+cXl+xALk0F5o=",
          "dev": true,
          "requires": {
            "ms": "^2.1.1"
          }
        }
      }
    },
    "@types/node": {
      "version": "14.18.32",
      "resolved": "https://repository.eng.netsuite.com/content/repositories/npmjs/@types/node/-/node-14.18.32.tgz",
      "integrity": "sha1-gHT3EGcx8aErqZP+i62G7nOQUBQ=",
      "dev": true
    },
    "@types/sinonjs__fake-timers": {
      "version": "8.1.1",
      "resolved": "https://repository.eng.netsuite.com/content/repositories/npmjs/@types/sinonjs__fake-timers/-/sinonjs__fake-timers-8.1.1.tgz",
      "integrity": "sha1-tJwscBUBQaFeD6fnnPH5KnKTTOM=",
      "dev": true
    },
    "@types/sizzle": {
      "version": "2.3.3",
      "resolved": "https://repository.eng.netsuite.com/content/repositories/npmjs/@types/sizzle/-/sizzle-2.3.3.tgz",
      "integrity": "sha1-/14vGQKWnTBSJaBHyKD9XJFc6+8=",
      "dev": true
    },
    "@types/yauzl": {
      "version": "2.10.0",
      "resolved": "https://repository.eng.netsuite.com/content/repositories/npmjs/@types/yauzl/-/yauzl-2.10.0.tgz",
      "integrity": "sha1-sySClSds+MbxU+vmqaugyYjLJZk=",
      "dev": true,
      "optional": true,
      "requires": {
        "@types/node": "*"
      }
    },
    "aggregate-error": {
      "version": "3.1.0",
      "resolved": "https://repository.eng.netsuite.com/content/repositories/npmjs/aggregate-error/-/aggregate-error-3.1.0.tgz",
      "integrity": "sha1-kmcP9Q9TWb23o+DUDQ7DDFc3aHo=",
      "dev": true,
      "requires": {
        "clean-stack": "^2.0.0",
        "indent-string": "^4.0.0"
      }
    },
    "ansi-colors": {
      "version": "4.1.3",
      "resolved": "https://repository.eng.netsuite.com/content/repositories/npmjs/ansi-colors/-/ansi-colors-4.1.3.tgz",
      "integrity": "sha1-N2ETQOsiQ+cMxgTK011jJw1IeBs=",
      "dev": true
    },
    "ansi-escapes": {
      "version": "4.3.2",
      "resolved": "https://repository.eng.netsuite.com/content/repositories/npmjs/ansi-escapes/-/ansi-escapes-4.3.2.tgz",
      "integrity": "sha1-ayKR0dt9mLZSHV8e+kLQ86n+tl4=",
      "dev": true,
      "requires": {
        "type-fest": "^0.21.3"
      }
    },
    "ansi-regex": {
      "version": "5.0.1",
      "resolved": "https://repository.eng.netsuite.com/content/repositories/npmjs/ansi-regex/-/ansi-regex-5.0.1.tgz",
      "integrity": "sha1-CCyyyJyf6GWaMRpTvWpNxTAdswQ=",
      "dev": true
    },
    "ansi-styles": {
      "version": "4.3.0",
      "resolved": "https://repository.eng.netsuite.com/content/repositories/npmjs/ansi-styles/-/ansi-styles-4.3.0.tgz",
      "integrity": "sha1-7dgDYornHATIWuegkG7a00tkiTc=",
      "dev": true,
      "requires": {
        "color-convert": "^2.0.1"
      }
    },
    "arch": {
      "version": "2.2.0",
      "resolved": "https://repository.eng.netsuite.com/content/repositories/npmjs/arch/-/arch-2.2.0.tgz",
      "integrity": "sha1-G8R4GPMFdk8jqzMGsL/AhsWinRE=",
      "dev": true
    },
    "asn1": {
      "version": "0.2.6",
      "resolved": "https://repository.eng.netsuite.com/content/repositories/npmjs/asn1/-/asn1-0.2.6.tgz",
      "integrity": "sha1-DTp7tuZOAqkMAwOzHykoaOoJoI0=",
      "dev": true,
      "requires": {
        "safer-buffer": "~2.1.0"
      }
    },
    "assert-plus": {
      "version": "1.0.0",
      "resolved": "https://repository.eng.netsuite.com/content/repositories/npmjs/assert-plus/-/assert-plus-1.0.0.tgz",
      "integrity": "sha1-8S4PPF13sLHN2RRpQuTpbB5N1SU=",
      "dev": true
    },
    "astral-regex": {
      "version": "2.0.0",
      "resolved": "https://repository.eng.netsuite.com/content/repositories/npmjs/astral-regex/-/astral-regex-2.0.0.tgz",
      "integrity": "sha1-SDFDxWeu7UeFdZwIZXhtx319LjE=",
      "dev": true
    },
    "async": {
      "version": "3.2.4",
      "resolved": "https://repository.eng.netsuite.com/content/repositories/npmjs/async/-/async-3.2.4.tgz",
      "integrity": "sha1-LSLgD4zd61/eXdM1IrVtHPVpqBw=",
      "dev": true
    },
    "asynckit": {
      "version": "0.4.0",
      "resolved": "https://repository.eng.netsuite.com/content/repositories/npmjs/asynckit/-/asynckit-0.4.0.tgz",
      "integrity": "sha1-x57Zf380y48robyXkLzDZkdLS3k=",
      "dev": true
    },
    "at-least-node": {
      "version": "1.0.0",
      "resolved": "https://repository.eng.netsuite.com/content/repositories/npmjs/at-least-node/-/at-least-node-1.0.0.tgz",
      "integrity": "sha1-YCzUtG6EStTv/JKoARo8RuAjjcI=",
      "dev": true
    },
    "aws-sign2": {
      "version": "0.7.0",
      "resolved": "https://repository.eng.netsuite.com/content/repositories/npmjs/aws-sign2/-/aws-sign2-0.7.0.tgz",
      "integrity": "sha1-tG6JCTSpWR8tL2+G1+ap8bP+dqg=",
      "dev": true
    },
    "aws4": {
      "version": "1.11.0",
      "resolved": "https://repository.eng.netsuite.com/content/repositories/npmjs/aws4/-/aws4-1.11.0.tgz",
      "integrity": "sha1-1h9G2DslGSUOJ4Ta9bCUeai0HFk=",
      "dev": true
    },
    "balanced-match": {
      "version": "1.0.2",
      "resolved": "https://repository.eng.netsuite.com/content/repositories/npmjs/balanced-match/-/balanced-match-1.0.2.tgz",
      "integrity": "sha1-6D46fj8wCzTLnYf2FfoMvzV2kO4=",
      "dev": true
    },
    "base64-js": {
      "version": "1.5.1",
      "resolved": "https://repository.eng.netsuite.com/content/repositories/npmjs/base64-js/-/base64-js-1.5.1.tgz",
      "integrity": "sha1-GxtEAWClv3rUC2UPCVljSBkDkwo=",
      "dev": true
    },
    "bcrypt-pbkdf": {
      "version": "1.0.2",
      "resolved": "https://repository.eng.netsuite.com/content/repositories/npmjs/bcrypt-pbkdf/-/bcrypt-pbkdf-1.0.2.tgz",
      "integrity": "sha1-pDAdOJtqQ/m2f/PKEaP2Y342Dp4=",
      "dev": true,
      "requires": {
        "tweetnacl": "^0.14.3"
      }
    },
    "blob-util": {
      "version": "2.0.2",
      "resolved": "https://repository.eng.netsuite.com/content/repositories/npmjs/blob-util/-/blob-util-2.0.2.tgz",
      "integrity": "sha1-O048KBERu38REoUYAGzcYLQDoes=",
      "dev": true
    },
    "bluebird": {
      "version": "3.7.2",
      "resolved": "https://repository.eng.netsuite.com/content/repositories/npmjs/bluebird/-/bluebird-3.7.2.tgz",
      "integrity": "sha1-nyKcFb4nJFT/qXOs4NvueaGww28=",
      "dev": true
    },
    "brace-expansion": {
      "version": "1.1.11",
      "resolved": "https://repository.eng.netsuite.com/content/repositories/npmjs/brace-expansion/-/brace-expansion-1.1.11.tgz",
      "integrity": "sha1-PH/L9SnYcibz0vUrlm/1Jx60Qd0=",
      "dev": true,
      "requires": {
        "balanced-match": "^1.0.0",
        "concat-map": "0.0.1"
      }
    },
    "buffer": {
      "version": "5.7.1",
      "resolved": "https://repository.eng.netsuite.com/content/repositories/npmjs/buffer/-/buffer-5.7.1.tgz",
      "integrity": "sha1-umLnwTEzBTWCGXFghRqPZI6Z7tA=",
      "dev": true,
      "requires": {
        "base64-js": "^1.3.1",
        "ieee754": "^1.1.13"
      }
    },
    "buffer-crc32": {
      "version": "0.2.13",
      "resolved": "https://repository.eng.netsuite.com/content/repositories/npmjs/buffer-crc32/-/buffer-crc32-0.2.13.tgz",
      "integrity": "sha1-DTM+PwDqxQqhRUq9MO+MKl2ackI=",
      "dev": true
    },
    "cachedir": {
      "version": "2.3.0",
      "resolved": "https://repository.eng.netsuite.com/content/repositories/npmjs/cachedir/-/cachedir-2.3.0.tgz",
      "integrity": "sha1-DHWJKgUhmPCyHHwYBNgzHt/K4Og=",
      "dev": true
    },
    "caseless": {
      "version": "0.12.0",
      "resolved": "https://repository.eng.netsuite.com/content/repositories/npmjs/caseless/-/caseless-0.12.0.tgz",
      "integrity": "sha1-G2gcIf+EAzyCZUMJBolCDRhxUdw=",
      "dev": true
    },
    "chalk": {
      "version": "4.1.2",
      "resolved": "https://repository.eng.netsuite.com/content/repositories/npmjs/chalk/-/chalk-4.1.2.tgz",
      "integrity": "sha1-qsTit3NKdAhnrrFr8CqtVWoeegE=",
      "dev": true,
      "requires": {
        "ansi-styles": "^4.1.0",
        "supports-color": "^7.1.0"
      },
      "dependencies": {
        "supports-color": {
          "version": "7.2.0",
          "resolved": "https://repository.eng.netsuite.com/content/repositories/npmjs/supports-color/-/supports-color-7.2.0.tgz",
          "integrity": "sha1-G33NyzK4E4gBs+R4umpRyqiWSNo=",
          "dev": true,
          "requires": {
            "has-flag": "^4.0.0"
          }
        }
      }
    },
    "check-more-types": {
      "version": "2.24.0",
      "resolved": "https://repository.eng.netsuite.com/content/repositories/npmjs/check-more-types/-/check-more-types-2.24.0.tgz",
      "integrity": "sha1-FCD/sQ/URNz8ebQ4kbv//TKoRgA=",
      "dev": true
    },
    "ci-info": {
      "version": "3.5.0",
      "resolved": "https://repository.eng.netsuite.com/content/repositories/npmjs/ci-info/-/ci-info-3.5.0.tgz",
      "integrity": "sha1-v6wqKSY95Mgp2Aaxq0eONQkeFx8=",
      "dev": true
    },
    "clean-stack": {
      "version": "2.2.0",
      "resolved": "https://repository.eng.netsuite.com/content/repositories/npmjs/clean-stack/-/clean-stack-2.2.0.tgz",
      "integrity": "sha1-7oRy27Ep5yezHooQpCfe6d/kAIs=",
      "dev": true
    },
    "cli-cursor": {
      "version": "3.1.0",
      "resolved": "https://repository.eng.netsuite.com/content/repositories/npmjs/cli-cursor/-/cli-cursor-3.1.0.tgz",
      "integrity": "sha1-JkMFp65JDR0Dvwybp8kl0XU68wc=",
      "dev": true,
      "requires": {
        "restore-cursor": "^3.1.0"
      }
    },
    "cli-table3": {
      "version": "0.6.3",
      "resolved": "https://repository.eng.netsuite.com/content/repositories/npmjs/cli-table3/-/cli-table3-0.6.3.tgz",
      "integrity": "sha1-Yat2WqwVa1LyIpVP/GB6bwHb7rI=",
      "dev": true,
      "requires": {
        "@colors/colors": "1.5.0",
        "string-width": "^4.2.0"
      }
    },
    "cli-truncate": {
      "version": "2.1.0",
      "resolved": "https://repository.eng.netsuite.com/content/repositories/npmjs/cli-truncate/-/cli-truncate-2.1.0.tgz",
      "integrity": "sha1-w54ovwXtzeW+O5iZKiLe7Vork8c=",
      "dev": true,
      "requires": {
        "slice-ansi": "^3.0.0",
        "string-width": "^4.2.0"
      }
    },
    "color-convert": {
      "version": "2.0.1",
      "resolved": "https://repository.eng.netsuite.com/content/repositories/npmjs/color-convert/-/color-convert-2.0.1.tgz",
      "integrity": "sha1-ctOmjVmMm9s68q0ehPIdiWq9TeM=",
      "dev": true,
      "requires": {
        "color-name": "~1.1.4"
      }
    },
    "color-name": {
      "version": "1.1.4",
      "resolved": "https://repository.eng.netsuite.com/content/repositories/npmjs/color-name/-/color-name-1.1.4.tgz",
      "integrity": "sha1-wqCah6y95pVD3m9j+jmVyCbFNqI=",
      "dev": true
    },
    "colorette": {
      "version": "2.0.19",
      "resolved": "https://repository.eng.netsuite.com/content/repositories/npmjs/colorette/-/colorette-2.0.19.tgz",
      "integrity": "sha1-zfBE9HrUGg9LVrOg1bTm4aLVp5g=",
      "dev": true
    },
    "combined-stream": {
      "version": "1.0.8",
      "resolved": "https://repository.eng.netsuite.com/content/repositories/npmjs/combined-stream/-/combined-stream-1.0.8.tgz",
      "integrity": "sha1-w9RaizT9cwYxoRCoolIGgrMdWn8=",
      "dev": true,
      "requires": {
        "delayed-stream": "~1.0.0"
      }
    },
    "commander": {
      "version": "5.1.0",
      "resolved": "https://repository.eng.netsuite.com/content/repositories/npmjs/commander/-/commander-5.1.0.tgz",
      "integrity": "sha1-Rqu9FlL44Fm92u+Zu9yyrZzxea4=",
      "dev": true
    },
    "common-tags": {
      "version": "1.8.2",
      "resolved": "https://repository.eng.netsuite.com/content/repositories/npmjs/common-tags/-/common-tags-1.8.2.tgz",
      "integrity": "sha1-lOuzwHbSYDJ0X9VPrOf2iO9aycY=",
      "dev": true
    },
    "concat-map": {
      "version": "0.0.1",
      "resolved": "https://repository.eng.netsuite.com/content/repositories/npmjs/concat-map/-/concat-map-0.0.1.tgz",
      "integrity": "sha1-2Klr13/Wjfd5OnMDajug1UBdR3s=",
      "dev": true
    },
    "core-util-is": {
      "version": "1.0.2",
      "resolved": "https://repository.eng.netsuite.com/content/repositories/npmjs/core-util-is/-/core-util-is-1.0.2.tgz",
      "integrity": "sha1-tf1UIgqivFq1eqtxQMlAdUUDwac=",
      "dev": true
    },
    "cross-spawn": {
      "version": "7.0.3",
      "resolved": "https://repository.eng.netsuite.com/content/repositories/npmjs/cross-spawn/-/cross-spawn-7.0.3.tgz",
      "integrity": "sha1-9zqFudXUHQRVUcF34ogtSshXKKY=",
      "dev": true,
      "requires": {
        "path-key": "^3.1.0",
        "shebang-command": "^2.0.0",
        "which": "^2.0.1"
      }
    },
    "cypress": {
      "version": "10.10.0",
      "resolved": "https://repository.eng.netsuite.com/content/repositories/npmjs/cypress/-/cypress-10.10.0.tgz",
      "integrity": "sha1-/WcSl7LKPmTf/9Vf44V8OIz7tpU=",
      "dev": true,
      "requires": {
        "@cypress/request": "^2.88.10",
        "@cypress/xvfb": "^1.2.4",
        "@types/node": "^14.14.31",
        "@types/sinonjs__fake-timers": "8.1.1",
        "@types/sizzle": "^2.3.2",
        "arch": "^2.2.0",
        "blob-util": "^2.0.2",
        "bluebird": "^3.7.2",
        "buffer": "^5.6.0",
        "cachedir": "^2.3.0",
        "chalk": "^4.1.0",
        "check-more-types": "^2.24.0",
        "cli-cursor": "^3.1.0",
        "cli-table3": "~0.6.1",
        "commander": "^5.1.0",
        "common-tags": "^1.8.0",
        "dayjs": "^1.10.4",
        "debug": "^4.3.2",
        "enquirer": "^2.3.6",
        "eventemitter2": "6.4.7",
        "execa": "4.1.0",
        "executable": "^4.1.1",
        "extract-zip": "2.0.1",
        "figures": "^3.2.0",
        "fs-extra": "^9.1.0",
        "getos": "^3.2.1",
        "is-ci": "^3.0.0",
        "is-installed-globally": "~0.4.0",
        "lazy-ass": "^1.6.0",
        "listr2": "^3.8.3",
        "lodash": "^4.17.21",
        "log-symbols": "^4.0.0",
        "minimist": "^1.2.6",
        "ospath": "^1.2.2",
        "pretty-bytes": "^5.6.0",
        "proxy-from-env": "1.0.0",
        "request-progress": "^3.0.0",
        "semver": "^7.3.2",
        "supports-color": "^8.1.1",
        "tmp": "~0.2.1",
        "untildify": "^4.0.0",
        "yauzl": "^2.10.0"
      }
    },
    "dashdash": {
      "version": "1.14.1",
      "resolved": "https://repository.eng.netsuite.com/content/repositories/npmjs/dashdash/-/dashdash-1.14.1.tgz",
      "integrity": "sha1-hTz6D3y+L+1d4gMmuN1YEDX24vA=",
      "dev": true,
      "requires": {
        "assert-plus": "^1.0.0"
      }
    },
    "dayjs": {
      "version": "1.11.5",
      "resolved": "https://repository.eng.netsuite.com/content/repositories/npmjs/dayjs/-/dayjs-1.11.5.tgz",
      "integrity": "sha1-AOjMYn8jH5SZwZs4r0n1bcCsXpM=",
      "dev": true
    },
    "debug": {
      "version": "4.3.4",
      "resolved": "https://repository.eng.netsuite.com/content/repositories/npmjs/debug/-/debug-4.3.4.tgz",
      "integrity": "sha1-Exn2V5NX8jONMzfSzdSRS7XcyGU=",
      "dev": true,
      "requires": {
        "ms": "2.1.2"
      },
      "dependencies": {
        "ms": {
          "version": "2.1.2",
          "resolved": "https://repository.eng.netsuite.com/content/repositories/npmjs/ms/-/ms-2.1.2.tgz",
          "integrity": "sha1-0J0fNXtEP0kzgqjrPM0YOHKuYAk=",
          "dev": true
        }
      }
    },
    "delayed-stream": {
      "version": "1.0.0",
      "resolved": "https://repository.eng.netsuite.com/content/repositories/npmjs/delayed-stream/-/delayed-stream-1.0.0.tgz",
      "integrity": "sha1-3zrhmayt+31ECqrgsp4icrJOxhk=",
      "dev": true
    },
    "ecc-jsbn": {
      "version": "0.1.2",
      "resolved": "https://repository.eng.netsuite.com/content/repositories/npmjs/ecc-jsbn/-/ecc-jsbn-0.1.2.tgz",
      "integrity": "sha1-OoOpBOVDUyh4dMVkt1SThoSamMk=",
      "dev": true,
      "requires": {
        "jsbn": "~0.1.0",
        "safer-buffer": "^2.1.0"
      }
    },
    "emoji-regex": {
      "version": "8.0.0",
      "resolved": "https://repository.eng.netsuite.com/content/repositories/npmjs/emoji-regex/-/emoji-regex-8.0.0.tgz",
      "integrity": "sha1-6Bj9ac5cz8tARZT4QpY79TFkzDc=",
      "dev": true
    },
    "end-of-stream": {
      "version": "1.4.4",
      "resolved": "https://repository.eng.netsuite.com/content/repositories/npmjs/end-of-stream/-/end-of-stream-1.4.4.tgz",
      "integrity": "sha1-WuZKX0UFe682JuwU2gyl5LJDHrA=",
      "dev": true,
      "requires": {
        "once": "^1.4.0"
      }
    },
    "enquirer": {
      "version": "2.3.6",
      "resolved": "https://repository.eng.netsuite.com/content/repositories/npmjs/enquirer/-/enquirer-2.3.6.tgz",
      "integrity": "sha1-Kn/l3WNKHkElqXXsmU/1RW3Dc00=",
      "dev": true,
      "requires": {
        "ansi-colors": "^4.1.1"
      }
    },
    "escape-string-regexp": {
      "version": "1.0.5",
      "resolved": "https://repository.eng.netsuite.com/content/repositories/npmjs/escape-string-regexp/-/escape-string-regexp-1.0.5.tgz",
      "integrity": "sha1-G2HAViGQqN/2rjuyzwIAyhMLhtQ=",
      "dev": true
    },
    "eventemitter2": {
      "version": "6.4.7",
      "resolved": "https://repository.eng.netsuite.com/content/repositories/npmjs/eventemitter2/-/eventemitter2-6.4.7.tgz",
      "integrity": "sha1-p/bE16vyihTB7zRC8hyzBqBUJx0=",
      "dev": true
    },
    "execa": {
      "version": "4.1.0",
      "resolved": "https://repository.eng.netsuite.com/content/repositories/npmjs/execa/-/execa-4.1.0.tgz",
      "integrity": "sha1-TlSRrRVy8vF6d9OIxshXE1sihHo=",
      "dev": true,
      "requires": {
        "cross-spawn": "^7.0.0",
        "get-stream": "^5.0.0",
        "human-signals": "^1.1.1",
        "is-stream": "^2.0.0",
        "merge-stream": "^2.0.0",
        "npm-run-path": "^4.0.0",
        "onetime": "^5.1.0",
        "signal-exit": "^3.0.2",
        "strip-final-newline": "^2.0.0"
      }
    },
    "executable": {
      "version": "4.1.1",
      "resolved": "https://repository.eng.netsuite.com/content/repositories/npmjs/executable/-/executable-4.1.1.tgz",
      "integrity": "sha1-QVMr/zYdPlevTXY7cFgtsY9dEzw=",
      "dev": true,
      "requires": {
        "pify": "^2.2.0"
      }
    },
    "extend": {
      "version": "3.0.2",
      "resolved": "https://repository.eng.netsuite.com/content/repositories/npmjs/extend/-/extend-3.0.2.tgz",
      "integrity": "sha1-+LETa0Bx+9jrFAr/hYsQGewpFfo=",
      "dev": true
    },
    "extract-zip": {
      "version": "2.0.1",
      "resolved": "https://repository.eng.netsuite.com/content/repositories/npmjs/extract-zip/-/extract-zip-2.0.1.tgz",
      "integrity": "sha1-Zj3KVv5G34kNXxMe9KBtIruLoTo=",
      "dev": true,
      "requires": {
        "@types/yauzl": "^2.9.1",
        "debug": "^4.1.1",
        "get-stream": "^5.1.0",
        "yauzl": "^2.10.0"
      }
    },
    "extsprintf": {
      "version": "1.3.0",
      "resolved": "https://repository.eng.netsuite.com/content/repositories/npmjs/extsprintf/-/extsprintf-1.3.0.tgz",
      "integrity": "sha1-lpGEQOMEGnpBT4xS48V06zw+HgU=",
      "dev": true
    },
    "fd-slicer": {
      "version": "1.1.0",
      "resolved": "https://repository.eng.netsuite.com/content/repositories/npmjs/fd-slicer/-/fd-slicer-1.1.0.tgz",
      "integrity": "sha1-JcfInLH5B3+IkbvmHY85Dq4lbx4=",
      "dev": true,
      "requires": {
        "pend": "~1.2.0"
      }
    },
    "figures": {
      "version": "3.2.0",
      "resolved": "https://repository.eng.netsuite.com/content/repositories/npmjs/figures/-/figures-3.2.0.tgz",
      "integrity": "sha1-YlwYvSk8YE3EqN2y/r8MiDQXRq8=",
      "dev": true,
      "requires": {
        "escape-string-regexp": "^1.0.5"
      }
    },
    "forever-agent": {
      "version": "0.6.1",
      "resolved": "https://repository.eng.netsuite.com/content/repositories/npmjs/forever-agent/-/forever-agent-0.6.1.tgz",
      "integrity": "sha1-+8cfDEGt6zf5bFd60e1C2P2sypE=",
      "dev": true
    },
    "form-data": {
      "version": "2.3.3",
      "resolved": "https://repository.eng.netsuite.com/content/repositories/npmjs/form-data/-/form-data-2.3.3.tgz",
      "integrity": "sha1-3M5SwF9kTymManq5Nr1yTO/786Y=",
      "dev": true,
      "requires": {
        "asynckit": "^0.4.0",
        "combined-stream": "^1.0.6",
        "mime-types": "^2.1.12"
      }
    },
    "fs-extra": {
      "version": "9.1.0",
      "resolved": "https://repository.eng.netsuite.com/content/repositories/npmjs/fs-extra/-/fs-extra-9.1.0.tgz",
      "integrity": "sha1-WVRGDHZKjaIJS6NVS/g55rmnyG0=",
      "dev": true,
      "requires": {
        "at-least-node": "^1.0.0",
        "graceful-fs": "^4.2.0",
        "jsonfile": "^6.0.1",
        "universalify": "^2.0.0"
      }
    },
    "fs.realpath": {
      "version": "1.0.0",
      "resolved": "https://repository.eng.netsuite.com/content/repositories/npmjs/fs.realpath/-/fs.realpath-1.0.0.tgz",
      "integrity": "sha1-FQStJSMVjKpA20onh8sBQRmU6k8=",
      "dev": true
    },
    "get-stream": {
      "version": "5.2.0",
      "resolved": "https://repository.eng.netsuite.com/content/repositories/npmjs/get-stream/-/get-stream-5.2.0.tgz",
      "integrity": "sha1-SWaheV7lrOZecGxLe+txJX1uItM=",
      "dev": true,
      "requires": {
        "pump": "^3.0.0"
      }
    },
    "getos": {
      "version": "3.2.1",
      "resolved": "https://repository.eng.netsuite.com/content/repositories/npmjs/getos/-/getos-3.2.1.tgz",
      "integrity": "sha1-ATTR9OAOtGFExanArE3Ah8uyfcU=",
      "dev": true,
      "requires": {
        "async": "^3.2.0"
      }
    },
    "getpass": {
      "version": "0.1.7",
      "resolved": "https://repository.eng.netsuite.com/content/repositories/npmjs/getpass/-/getpass-0.1.7.tgz",
      "integrity": "sha1-Xv+OPmhNVprkyysSgmBOi6YhSfo=",
      "dev": true,
      "requires": {
        "assert-plus": "^1.0.0"
      }
    },
    "glob": {
      "version": "7.2.3",
      "resolved": "https://repository.eng.netsuite.com/content/repositories/npmjs/glob/-/glob-7.2.3.tgz",
      "integrity": "sha1-uN8PuAK7+o6JvR2Ti04WV47UTys=",
      "dev": true,
      "requires": {
        "fs.realpath": "^1.0.0",
        "inflight": "^1.0.4",
        "inherits": "2",
        "minimatch": "^3.1.1",
        "once": "^1.3.0",
        "path-is-absolute": "^1.0.0"
      }
    },
    "global-dirs": {
      "version": "3.0.0",
      "resolved": "https://repository.eng.netsuite.com/content/repositories/npmjs/global-dirs/-/global-dirs-3.0.0.tgz",
      "integrity": "sha1-cKdv6E6jFas3sfVXbL3n1I73JoY=",
      "dev": true,
      "requires": {
        "ini": "2.0.0"
      }
    },
    "graceful-fs": {
      "version": "4.2.10",
      "resolved": "https://repository.eng.netsuite.com/content/repositories/npmjs/graceful-fs/-/graceful-fs-4.2.10.tgz",
      "integrity": "sha1-FH06AG2kyjzhRyjHrvwofDZ9emw=",
      "dev": true
    },
    "has-flag": {
      "version": "4.0.0",
      "resolved": "https://repository.eng.netsuite.com/content/repositories/npmjs/has-flag/-/has-flag-4.0.0.tgz",
      "integrity": "sha1-lEdx/ZyByBJlxNaUGGDaBrtZR5s=",
      "dev": true
    },
    "http-signature": {
      "version": "1.3.6",
      "resolved": "https://repository.eng.netsuite.com/content/repositories/npmjs/http-signature/-/http-signature-1.3.6.tgz",
      "integrity": "sha1-y2+/34bRyXTzQ76U6H9/wShmLPk=",
      "dev": true,
      "requires": {
        "assert-plus": "^1.0.0",
        "jsprim": "^2.0.2",
        "sshpk": "^1.14.1"
      }
    },
    "human-signals": {
      "version": "1.1.1",
      "resolved": "https://repository.eng.netsuite.com/content/repositories/npmjs/human-signals/-/human-signals-1.1.1.tgz",
      "integrity": "sha1-xbHNFPUK6uCatsWf5jujOV/k36M=",
      "dev": true
    },
    "ieee754": {
      "version": "1.2.1",
      "resolved": "https://repository.eng.netsuite.com/content/repositories/npmjs/ieee754/-/ieee754-1.2.1.tgz",
      "integrity": "sha1-jrehCmP/8l0VpXsAFYbRd9Gw01I=",
      "dev": true
    },
    "indent-string": {
      "version": "4.0.0",
      "resolved": "https://repository.eng.netsuite.com/content/repositories/npmjs/indent-string/-/indent-string-4.0.0.tgz",
      "integrity": "sha1-Yk+PRJfWGbLZdoUx1Y9BIoVNclE=",
      "dev": true
    },
    "inflight": {
      "version": "1.0.6",
      "resolved": "https://repository.eng.netsuite.com/content/repositories/npmjs/inflight/-/inflight-1.0.6.tgz",
      "integrity": "sha1-Sb1jMdfQLQwJvJEKEHW6gWW1bfk=",
      "dev": true,
      "requires": {
        "once": "^1.3.0",
        "wrappy": "1"
      }
    },
    "inherits": {
      "version": "2.0.4",
      "resolved": "https://repository.eng.netsuite.com/content/repositories/npmjs/inherits/-/inherits-2.0.4.tgz",
      "integrity": "sha1-D6LGT5MpF8NDOg3tVTY6rjdBa3w=",
      "dev": true
    },
    "ini": {
      "version": "2.0.0",
      "resolved": "https://repository.eng.netsuite.com/content/repositories/npmjs/ini/-/ini-2.0.0.tgz",
      "integrity": "sha1-5f1Vbs3VcmvpePoQAYYurLCpS8U=",
      "dev": true
    },
    "is-ci": {
      "version": "3.0.1",
      "resolved": "https://repository.eng.netsuite.com/content/repositories/npmjs/is-ci/-/is-ci-3.0.1.tgz",
      "integrity": "sha1-227L7RvWWcQ9rA9FZh52dBA9GGc=",
      "dev": true,
      "requires": {
        "ci-info": "^3.2.0"
      }
    },
    "is-fullwidth-code-point": {
      "version": "3.0.0",
      "resolved": "https://repository.eng.netsuite.com/content/repositories/npmjs/is-fullwidth-code-point/-/is-fullwidth-code-point-3.0.0.tgz",
      "integrity": "sha1-8Rb4Bk/pCz94RKOJl8C3UFEmnx0=",
      "dev": true
    },
    "is-installed-globally": {
      "version": "0.4.0",
      "resolved": "https://repository.eng.netsuite.com/content/repositories/npmjs/is-installed-globally/-/is-installed-globally-0.4.0.tgz",
      "integrity": "sha1-mg/UB5ScMPhutpWe8beZTtC3tSA=",
      "dev": true,
      "requires": {
        "global-dirs": "^3.0.0",
        "is-path-inside": "^3.0.2"
      }
    },
    "is-path-inside": {
      "version": "3.0.3",
      "resolved": "https://repository.eng.netsuite.com/content/repositories/npmjs/is-path-inside/-/is-path-inside-3.0.3.tgz",
      "integrity": "sha1-0jE2LlOgf/Kw4Op/7QSRYf/RYoM=",
      "dev": true
    },
    "is-stream": {
      "version": "2.0.1",
      "resolved": "https://repository.eng.netsuite.com/content/repositories/npmjs/is-stream/-/is-stream-2.0.1.tgz",
      "integrity": "sha1-+sHj1TuXrVqdCunO8jifWBClwHc=",
      "dev": true
    },
    "is-typedarray": {
      "version": "1.0.0",
      "resolved": "https://repository.eng.netsuite.com/content/repositories/npmjs/is-typedarray/-/is-typedarray-1.0.0.tgz",
      "integrity": "sha1-5HnICFjfDBsR3dppQPlgEfzaSpo=",
      "dev": true
    },
    "is-unicode-supported": {
      "version": "0.1.0",
      "resolved": "https://repository.eng.netsuite.com/content/repositories/npmjs/is-unicode-supported/-/is-unicode-supported-0.1.0.tgz",
      "integrity": "sha1-PybHaoCVk7Ur+i7LVxDtJ3m1Iqc=",
      "dev": true
    },
    "isexe": {
      "version": "2.0.0",
      "resolved": "https://repository.eng.netsuite.com/content/repositories/npmjs/isexe/-/isexe-2.0.0.tgz",
      "integrity": "sha1-6PvzdNxVb/iUehDcsFctYz8s+hA=",
      "dev": true
    },
    "isstream": {
      "version": "0.1.2",
      "resolved": "https://repository.eng.netsuite.com/content/repositories/npmjs/isstream/-/isstream-0.1.2.tgz",
      "integrity": "sha1-R+Y/evVa+m+S4VAOaQ64uFKcCZo=",
      "dev": true
    },
    "jsbn": {
      "version": "0.1.1",
      "resolved": "https://repository.eng.netsuite.com/content/repositories/npmjs/jsbn/-/jsbn-0.1.1.tgz",
      "integrity": "sha1-peZUwuWi3rXyAdls77yoDA7y9RM=",
      "dev": true
    },
    "json-schema": {
      "version": "0.4.0",
      "resolved": "https://repository.eng.netsuite.com/content/repositories/npmjs/json-schema/-/json-schema-0.4.0.tgz",
      "integrity": "sha1-995M9u+rg4666zI2R0y7paGTCrU=",
      "dev": true
    },
    "json-stringify-safe": {
      "version": "5.0.1",
      "resolved": "https://repository.eng.netsuite.com/content/repositories/npmjs/json-stringify-safe/-/json-stringify-safe-5.0.1.tgz",
      "integrity": "sha1-Epai1Y/UXxmg9s4B1lcB4sc1tus=",
      "dev": true
    },
    "jsonfile": {
      "version": "6.1.0",
      "resolved": "https://repository.eng.netsuite.com/content/repositories/npmjs/jsonfile/-/jsonfile-6.1.0.tgz",
      "integrity": "sha1-vFWyY0eTxnnsZAMJTrE2mKbsCq4=",
      "dev": true,
      "requires": {
        "graceful-fs": "^4.1.6",
        "universalify": "^2.0.0"
      }
    },
    "jsprim": {
      "version": "2.0.2",
      "resolved": "https://repository.eng.netsuite.com/content/repositories/npmjs/jsprim/-/jsprim-2.0.2.tgz",
      "integrity": "sha1-d8oj281BNc02SADSL/gsIYWAPU0=",
      "dev": true,
      "requires": {
        "assert-plus": "1.0.0",
        "extsprintf": "1.3.0",
        "json-schema": "0.4.0",
        "verror": "1.10.0"
      }
    },
    "lazy-ass": {
      "version": "1.6.0",
      "resolved": "https://repository.eng.netsuite.com/content/repositories/npmjs/lazy-ass/-/lazy-ass-1.6.0.tgz",
      "integrity": "sha1-eZllXoZGwX8In90YfRUNMyTVRRM=",
      "dev": true
    },
    "listr2": {
      "version": "3.14.0",
      "resolved": "https://repository.eng.netsuite.com/content/repositories/npmjs/listr2/-/listr2-3.14.0.tgz",
      "integrity": "sha1-IxAcxi4Tdf1YNrJIJ20dK1H9vp4=",
      "dev": true,
      "requires": {
        "cli-truncate": "^2.1.0",
        "colorette": "^2.0.16",
        "log-update": "^4.0.0",
        "p-map": "^4.0.0",
        "rfdc": "^1.3.0",
        "rxjs": "^7.5.1",
        "through": "^2.3.8",
        "wrap-ansi": "^7.0.0"
      }
    },
    "lodash": {
      "version": "4.17.21",
      "resolved": "https://repository.eng.netsuite.com/content/repositories/npmjs/lodash/-/lodash-4.17.21.tgz",
      "integrity": "sha1-Z5WRxWTDv/quhFTPCz3zcMPWkRw=",
      "dev": true
    },
    "lodash.once": {
      "version": "4.1.1",
      "resolved": "https://repository.eng.netsuite.com/content/repositories/npmjs/lodash.once/-/lodash.once-4.1.1.tgz",
      "integrity": "sha1-DdOXEhPHxW34gJd9UEyI+0cal6w=",
      "dev": true
    },
    "log-symbols": {
      "version": "4.1.0",
      "resolved": "https://repository.eng.netsuite.com/content/repositories/npmjs/log-symbols/-/log-symbols-4.1.0.tgz",
      "integrity": "sha1-P727lbRoOsn8eFER55LlWNSr1QM=",
      "dev": true,
      "requires": {
        "chalk": "^4.1.0",
        "is-unicode-supported": "^0.1.0"
      }
    },
    "log-update": {
      "version": "4.0.0",
      "resolved": "https://repository.eng.netsuite.com/content/repositories/npmjs/log-update/-/log-update-4.0.0.tgz",
      "integrity": "sha1-WJ7NNSRx8qHAxXAodUOmTf0g4KE=",
      "dev": true,
      "requires": {
        "ansi-escapes": "^4.3.0",
        "cli-cursor": "^3.1.0",
        "slice-ansi": "^4.0.0",
        "wrap-ansi": "^6.2.0"
      },
      "dependencies": {
        "slice-ansi": {
          "version": "4.0.0",
          "resolved": "https://repository.eng.netsuite.com/content/repositories/npmjs/slice-ansi/-/slice-ansi-4.0.0.tgz",
          "integrity": "sha1-UA6N0P1VsFgVCGJVsxla3ypF/ms=",
          "dev": true,
          "requires": {
            "ansi-styles": "^4.0.0",
            "astral-regex": "^2.0.0",
            "is-fullwidth-code-point": "^3.0.0"
          }
        },
        "wrap-ansi": {
          "version": "6.2.0",
          "resolved": "https://repository.eng.netsuite.com/content/repositories/npmjs/wrap-ansi/-/wrap-ansi-6.2.0.tgz",
          "integrity": "sha1-6Tk7oHEC5skaOyIUePAlfNKFblM=",
          "dev": true,
          "requires": {
            "ansi-styles": "^4.0.0",
            "string-width": "^4.1.0",
            "strip-ansi": "^6.0.0"
          }
        }
      }
    },
    "lru-cache": {
      "version": "6.0.0",
      "resolved": "https://repository.eng.netsuite.com/content/repositories/npmjs/lru-cache/-/lru-cache-6.0.0.tgz",
      "integrity": "sha1-bW/mVw69lqr5D8rR2vo7JWbbOpQ=",
      "dev": true,
      "requires": {
        "yallist": "^4.0.0"
      }
    },
    "merge-stream": {
      "version": "2.0.0",
      "resolved": "https://repository.eng.netsuite.com/content/repositories/npmjs/merge-stream/-/merge-stream-2.0.0.tgz",
      "integrity": "sha1-UoI2KaFN0AyXcPtq1H3GMQ8sH2A=",
      "dev": true
    },
    "mime-db": {
      "version": "1.52.0",
      "resolved": "https://repository.eng.netsuite.com/content/repositories/npmjs/mime-db/-/mime-db-1.52.0.tgz",
      "integrity": "sha1-u6vNwChZ9JhzAchW4zh85exDv3A=",
      "dev": true
    },
    "mime-types": {
      "version": "2.1.35",
      "resolved": "https://repository.eng.netsuite.com/content/repositories/npmjs/mime-types/-/mime-types-2.1.35.tgz",
      "integrity": "sha1-OBqHG2KnNEUGYK497uRIE/cNlZo=",
      "dev": true,
      "requires": {
        "mime-db": "1.52.0"
      }
    },
    "mimic-fn": {
      "version": "2.1.0",
      "resolved": "https://repository.eng.netsuite.com/content/repositories/npmjs/mimic-fn/-/mimic-fn-2.1.0.tgz",
      "integrity": "sha1-ftLCzMyvhNP/y3pptXcR/CCDQBs=",
      "dev": true
    },
    "minimatch": {
      "version": "3.1.2",
      "resolved": "https://repository.eng.netsuite.com/content/repositories/npmjs/minimatch/-/minimatch-3.1.2.tgz",
      "integrity": "sha1-Gc0ZS/0+Qo8EmnCBfAONiatL41s=",
      "dev": true,
      "requires": {
        "brace-expansion": "^1.1.7"
      }
    },
    "minimist": {
      "version": "1.2.7",
      "resolved": "https://repository.eng.netsuite.com/content/repositories/npmjs/minimist/-/minimist-1.2.7.tgz",
      "integrity": "sha1-2qHE2R9Qc5BDfGqLwBB45wAMTRg=",
      "dev": true
    },
    "ms": {
      "version": "2.1.3",
      "resolved": "https://repository.eng.netsuite.com/content/repositories/npmjs/ms/-/ms-2.1.3.tgz",
      "integrity": "sha1-V0yBOM4dK1hh8LRFedut1gxmFbI=",
      "dev": true
    },
    "npm-run-path": {
      "version": "4.0.1",
      "resolved": "https://repository.eng.netsuite.com/content/repositories/npmjs/npm-run-path/-/npm-run-path-4.0.1.tgz",
      "integrity": "sha1-t+zR5e1T2o43pV4cImnguX7XSOo=",
      "dev": true,
      "requires": {
        "path-key": "^3.0.0"
      }
    },
    "once": {
      "version": "1.4.0",
      "resolved": "https://repository.eng.netsuite.com/content/repositories/npmjs/once/-/once-1.4.0.tgz",
      "integrity": "sha1-WDsap3WWHUsROsF9nFC6753Xa9E=",
      "dev": true,
      "requires": {
        "wrappy": "1"
      }
    },
    "onetime": {
      "version": "5.1.2",
      "resolved": "https://repository.eng.netsuite.com/content/repositories/npmjs/onetime/-/onetime-5.1.2.tgz",
      "integrity": "sha1-0Oluu1awdHbfHdnEgG5SN5hcpF4=",
      "dev": true,
      "requires": {
        "mimic-fn": "^2.1.0"
      }
    },
    "ospath": {
      "version": "1.2.2",
      "resolved": "https://repository.eng.netsuite.com/content/repositories/npmjs/ospath/-/ospath-1.2.2.tgz",
      "integrity": "sha1-EnZjl3Sj+O8lcvf+QoDg6kVQwHs=",
      "dev": true
    },
    "p-map": {
      "version": "4.0.0",
      "resolved": "https://repository.eng.netsuite.com/content/repositories/npmjs/p-map/-/p-map-4.0.0.tgz",
      "integrity": "sha1-uy+Vpe2i7BaOySdOBqdHw+KQTSs=",
      "dev": true,
      "requires": {
        "aggregate-error": "^3.0.0"
      }
    },
    "path-is-absolute": {
      "version": "1.0.1",
      "resolved": "https://repository.eng.netsuite.com/content/repositories/npmjs/path-is-absolute/-/path-is-absolute-1.0.1.tgz",
      "integrity": "sha1-F0uSaHNVNP+8es5r9TpanhtcX18=",
      "dev": true
    },
    "path-key": {
      "version": "3.1.1",
      "resolved": "https://repository.eng.netsuite.com/content/repositories/npmjs/path-key/-/path-key-3.1.1.tgz",
      "integrity": "sha1-WB9q3mWMu6ZaDTOA3ndTKVBU83U=",
      "dev": true
    },
    "pend": {
      "version": "1.2.0",
      "resolved": "https://repository.eng.netsuite.com/content/repositories/npmjs/pend/-/pend-1.2.0.tgz",
      "integrity": "sha1-elfrVQpng/kRUzH89GY9XI4AelA=",
      "dev": true
    },
    "performance-now": {
      "version": "2.1.0",
      "resolved": "https://repository.eng.netsuite.com/content/repositories/npmjs/performance-now/-/performance-now-2.1.0.tgz",
      "integrity": "sha1-Ywn04OX6kT7BxpMHrjZLSzd8nns=",
      "dev": true
    },
    "pify": {
      "version": "2.3.0",
      "resolved": "https://repository.eng.netsuite.com/content/repositories/npmjs/pify/-/pify-2.3.0.tgz",
      "integrity": "sha1-7RQaasBDqEnqWISY59yosVMw6Qw=",
      "dev": true
    },
    "pretty-bytes": {
      "version": "5.6.0",
      "resolved": "https://repository.eng.netsuite.com/content/repositories/npmjs/pretty-bytes/-/pretty-bytes-5.6.0.tgz",
      "integrity": "sha1-NWJW9kOAR3PIL2RyP+eMksYr6us=",
      "dev": true
    },
    "proxy-from-env": {
      "version": "1.0.0",
      "resolved": "https://repository.eng.netsuite.com/content/repositories/npmjs/proxy-from-env/-/proxy-from-env-1.0.0.tgz",
      "integrity": "sha1-M8UDmPcOp+uW0h97gXYwpVeRx+4=",
      "dev": true
    },
    "psl": {
      "version": "1.9.0",
      "resolved": "https://repository.eng.netsuite.com/content/repositories/npmjs/psl/-/psl-1.9.0.tgz",
      "integrity": "sha1-0N8qE38AeUVl/K87LADNCfjVpac=",
      "dev": true
    },
    "pump": {
      "version": "3.0.0",
      "resolved": "https://repository.eng.netsuite.com/content/repositories/npmjs/pump/-/pump-3.0.0.tgz",
      "integrity": "sha1-tKIRaBW94vTh6mAjVOjHVWUQemQ=",
      "dev": true,
      "requires": {
        "end-of-stream": "^1.1.0",
        "once": "^1.3.1"
      }
    },
    "punycode": {
      "version": "2.1.1",
      "resolved": "https://repository.eng.netsuite.com/content/repositories/npmjs/punycode/-/punycode-2.1.1.tgz",
      "integrity": "sha1-tYsBCsQMIsVldhbI0sLALHv0eew=",
      "dev": true
    },
    "qs": {
      "version": "6.5.3",
      "resolved": "https://repository.eng.netsuite.com/content/repositories/npmjs/qs/-/qs-6.5.3.tgz",
      "integrity": "sha1-Ou7/yRln7241wOSI70b7KWq3aq0=",
      "dev": true
    },
    "request-progress": {
      "version": "3.0.0",
      "resolved": "https://repository.eng.netsuite.com/content/repositories/npmjs/request-progress/-/request-progress-3.0.0.tgz",
      "integrity": "sha1-TKdUCBx/7GP1BeT6qCWqBs1mnb4=",
      "dev": true,
      "requires": {
        "throttleit": "^1.0.0"
      }
    },
    "restore-cursor": {
      "version": "3.1.0",
      "resolved": "https://repository.eng.netsuite.com/content/repositories/npmjs/restore-cursor/-/restore-cursor-3.1.0.tgz",
      "integrity": "sha1-OfZ8VLOnpYzqUjbZXPADQjljH34=",
      "dev": true,
      "requires": {
        "onetime": "^5.1.0",
        "signal-exit": "^3.0.2"
      }
    },
    "rfdc": {
      "version": "1.3.0",
      "resolved": "https://repository.eng.netsuite.com/content/repositories/npmjs/rfdc/-/rfdc-1.3.0.tgz",
      "integrity": "sha1-0LfEQasnINBdxM8m4ByJYx2doIs=",
      "dev": true
    },
    "rimraf": {
      "version": "3.0.2",
      "resolved": "https://repository.eng.netsuite.com/content/repositories/npmjs/rimraf/-/rimraf-3.0.2.tgz",
      "integrity": "sha1-8aVAK6YiCtUswSgrrBrjqkn9Bho=",
      "dev": true,
      "requires": {
        "glob": "^7.1.3"
      }
    },
    "rxjs": {
      "version": "7.5.7",
      "resolved": "https://repository.eng.netsuite.com/content/repositories/npmjs/rxjs/-/rxjs-7.5.7.tgz",
      "integrity": "sha1-LsDVf9yJ7OIg0ucCcwro8eSd7zk=",
      "dev": true,
      "requires": {
        "tslib": "^2.1.0"
      }
    },
    "safe-buffer": {
      "version": "5.2.1",
      "resolved": "https://repository.eng.netsuite.com/content/repositories/npmjs/safe-buffer/-/safe-buffer-5.2.1.tgz",
      "integrity": "sha1-Hq+fqb2x/dTsdfWPnNtOa3gn7sY=",
      "dev": true
    },
    "safer-buffer": {
      "version": "2.1.2",
      "resolved": "https://repository.eng.netsuite.com/content/repositories/npmjs/safer-buffer/-/safer-buffer-2.1.2.tgz",
      "integrity": "sha1-RPoWGwGHuVSd2Eu5GAL5vYOFzWo=",
      "dev": true
    },
    "semver": {
      "version": "7.3.8",
      "resolved": "https://repository.eng.netsuite.com/content/repositories/npmjs/semver/-/semver-7.3.8.tgz",
      "integrity": "sha1-B6eP6vs/ezI0fXJeM95+Ki32d5g=",
      "dev": true,
      "requires": {
        "lru-cache": "^6.0.0"
      }
    },
    "shebang-command": {
      "version": "2.0.0",
      "resolved": "https://repository.eng.netsuite.com/content/repositories/npmjs/shebang-command/-/shebang-command-2.0.0.tgz",
      "integrity": "sha1-zNCvT4g1+9wmW4JGGq8MNmY/NOo=",
      "dev": true,
      "requires": {
        "shebang-regex": "^3.0.0"
      }
    },
    "shebang-regex": {
      "version": "3.0.0",
      "resolved": "https://repository.eng.netsuite.com/content/repositories/npmjs/shebang-regex/-/shebang-regex-3.0.0.tgz",
      "integrity": "sha1-rhbxZE2HPsrYQ7AwexQzYtTEIXI=",
      "dev": true
    },
    "signal-exit": {
      "version": "3.0.7",
      "resolved": "https://repository.eng.netsuite.com/content/repositories/npmjs/signal-exit/-/signal-exit-3.0.7.tgz",
      "integrity": "sha1-qaF2f4r4QVURTqq9c/mSc8j1mtk=",
      "dev": true
    },
    "slice-ansi": {
      "version": "3.0.0",
      "resolved": "https://repository.eng.netsuite.com/content/repositories/npmjs/slice-ansi/-/slice-ansi-3.0.0.tgz",
      "integrity": "sha1-Md3BCTCht+C2ewjJbC9Jt3p4l4c=",
      "dev": true,
      "requires": {
        "ansi-styles": "^4.0.0",
        "astral-regex": "^2.0.0",
        "is-fullwidth-code-point": "^3.0.0"
      }
    },
    "sshpk": {
      "version": "1.17.0",
      "resolved": "https://repository.eng.netsuite.com/content/repositories/npmjs/sshpk/-/sshpk-1.17.0.tgz",
      "integrity": "sha1-V4CC2S1P5hKxMAdJblQ/oPvL5MU=",
      "dev": true,
      "requires": {
        "asn1": "~0.2.3",
        "assert-plus": "^1.0.0",
        "bcrypt-pbkdf": "^1.0.0",
        "dashdash": "^1.12.0",
        "ecc-jsbn": "~0.1.1",
        "getpass": "^0.1.1",
        "jsbn": "~0.1.0",
        "safer-buffer": "^2.0.2",
        "tweetnacl": "~0.14.0"
      }
    },
    "string-width": {
      "version": "4.2.3",
      "resolved": "https://repository.eng.netsuite.com/content/repositories/npmjs/string-width/-/string-width-4.2.3.tgz",
      "integrity": "sha1-JpxxF9J7Ba0uU2gwqOyJXvnG0BA=",
      "dev": true,
      "requires": {
        "emoji-regex": "^8.0.0",
        "is-fullwidth-code-point": "^3.0.0",
        "strip-ansi": "^6.0.1"
      }
    },
    "strip-ansi": {
      "version": "6.0.1",
      "resolved": "https://repository.eng.netsuite.com/content/repositories/npmjs/strip-ansi/-/strip-ansi-6.0.1.tgz",
      "integrity": "sha1-nibGPTD1NEPpSJSVshBdN7Z6hdk=",
      "dev": true,
      "requires": {
        "ansi-regex": "^5.0.1"
      }
    },
    "strip-final-newline": {
      "version": "2.0.0",
      "resolved": "https://repository.eng.netsuite.com/content/repositories/npmjs/strip-final-newline/-/strip-final-newline-2.0.0.tgz",
      "integrity": "sha1-ibhS+y/L6Tb29LMYevsKEsGrWK0=",
      "dev": true
    },
    "supports-color": {
      "version": "8.1.1",
      "resolved": "https://repository.eng.netsuite.com/content/repositories/npmjs/supports-color/-/supports-color-8.1.1.tgz",
      "integrity": "sha1-zW/BfihQDP9WwbhsCn/UpUpzAFw=",
      "dev": true,
      "requires": {
        "has-flag": "^4.0.0"
      }
    },
    "throttleit": {
      "version": "1.0.0",
      "resolved": "https://repository.eng.netsuite.com/content/repositories/npmjs/throttleit/-/throttleit-1.0.0.tgz",
      "integrity": "sha1-nnhYNtr0Z0MUWlmEtiaNgoUorGw=",
      "dev": true
    },
    "through": {
      "version": "2.3.8",
      "resolved": "https://repository.eng.netsuite.com/content/repositories/npmjs/through/-/through-2.3.8.tgz",
      "integrity": "sha1-DdTJ/6q8NXlgsbckEV1+Doai4fU=",
      "dev": true
    },
    "tmp": {
      "version": "0.2.1",
      "resolved": "https://repository.eng.netsuite.com/content/repositories/npmjs/tmp/-/tmp-0.2.1.tgz",
      "integrity": "sha1-hFf8MDfc9HGcJRNnoa9lAO4czxQ=",
      "dev": true,
      "requires": {
        "rimraf": "^3.0.0"
      }
    },
    "tough-cookie": {
      "version": "2.5.0",
      "resolved": "https://repository.eng.netsuite.com/content/repositories/npmjs/tough-cookie/-/tough-cookie-2.5.0.tgz",
      "integrity": "sha1-zZ+yoKodWhK0c72fuW+j3P9lreI=",
      "dev": true,
      "requires": {
        "psl": "^1.1.28",
        "punycode": "^2.1.1"
      }
    },
    "tslib": {
      "version": "2.4.0",
      "resolved": "https://repository.eng.netsuite.com/content/repositories/npmjs/tslib/-/tslib-2.4.0.tgz",
      "integrity": "sha1-fOyqfwc85oCgWEeqd76UEJjzbcM=",
      "dev": true
    },
    "tunnel-agent": {
      "version": "0.6.0",
      "resolved": "https://repository.eng.netsuite.com/content/repositories/npmjs/tunnel-agent/-/tunnel-agent-0.6.0.tgz",
      "integrity": "sha1-J6XeoGs2sEoKmWZ3SykIaPD8QP0=",
      "dev": true,
      "requires": {
        "safe-buffer": "^5.0.1"
      }
    },
    "tweetnacl": {
      "version": "0.14.5",
      "resolved": "https://repository.eng.netsuite.com/content/repositories/npmjs/tweetnacl/-/tweetnacl-0.14.5.tgz",
      "integrity": "sha1-WuaBd/GS1EViadEIr6k/+HQ/T2Q=",
      "dev": true
    },
    "type-fest": {
      "version": "0.21.3",
      "resolved": "https://repository.eng.netsuite.com/content/repositories/npmjs/type-fest/-/type-fest-0.21.3.tgz",
      "integrity": "sha1-0mCiSwGYQ24TP6JqUkptZfo7Ljc=",
      "dev": true
    },
    "universalify": {
      "version": "2.0.0",
      "resolved": "https://repository.eng.netsuite.com/content/repositories/npmjs/universalify/-/universalify-2.0.0.tgz",
      "integrity": "sha1-daSYTv7cSwiXXFrrc/Uw0C3yVxc=",
      "dev": true
    },
    "untildify": {
      "version": "4.0.0",
      "resolved": "https://repository.eng.netsuite.com/content/repositories/npmjs/untildify/-/untildify-4.0.0.tgz",
      "integrity": "sha1-K8lHuVNlJIfkYAlJ+wkeOujNkZs=",
      "dev": true
    },
    "uuid": {
      "version": "8.3.2",
      "resolved": "https://repository.eng.netsuite.com/content/repositories/npmjs/uuid/-/uuid-8.3.2.tgz",
      "integrity": "sha1-gNW1ztJxu5r2xEXyGhoExgbO++I=",
      "dev": true
    },
    "verror": {
      "version": "1.10.0",
      "resolved": "https://repository.eng.netsuite.com/content/repositories/npmjs/verror/-/verror-1.10.0.tgz",
      "integrity": "sha1-OhBcoXBTr1XW4nDB+CiGguGNpAA=",
      "dev": true,
      "requires": {
        "assert-plus": "^1.0.0",
        "core-util-is": "1.0.2",
        "extsprintf": "^1.2.0"
      }
    },
    "which": {
      "version": "2.0.2",
      "resolved": "https://repository.eng.netsuite.com/content/repositories/npmjs/which/-/which-2.0.2.tgz",
      "integrity": "sha1-fGqN0KY2oDJ+ELWckobu6T8/UbE=",
      "dev": true,
      "requires": {
        "isexe": "^2.0.0"
      }
    },
    "wrap-ansi": {
      "version": "7.0.0",
      "resolved": "https://repository.eng.netsuite.com/content/repositories/npmjs/wrap-ansi/-/wrap-ansi-7.0.0.tgz",
      "integrity": "sha1-Z+FFz/UQpqaYS98RUpEdadLrnkM=",
      "dev": true,
      "requires": {
        "ansi-styles": "^4.0.0",
        "string-width": "^4.1.0",
        "strip-ansi": "^6.0.0"
      }
    },
    "wrappy": {
      "version": "1.0.2",
      "resolved": "https://repository.eng.netsuite.com/content/repositories/npmjs/wrappy/-/wrappy-1.0.2.tgz",
      "integrity": "sha1-tSQ9jz7BqjXxNkYFvA0QNuMKtp8=",
      "dev": true
    },
    "yallist": {
      "version": "4.0.0",
      "resolved": "https://repository.eng.netsuite.com/content/repositories/npmjs/yallist/-/yallist-4.0.0.tgz",
      "integrity": "sha1-m7knkNnA7/7GO+c1GeEaNQGaOnI=",
      "dev": true
    },
    "yauzl": {
      "version": "2.10.0",
      "resolved": "https://repository.eng.netsuite.com/content/repositories/npmjs/yauzl/-/yauzl-2.10.0.tgz",
      "integrity": "sha1-x+sXyT4RLLEIb6bY5R+wZnt5pfk=",
      "dev": true,
      "requires": {
        "buffer-crc32": "~0.2.3",
        "fd-slicer": "~1.1.0"
      }
    }
  }
}
