
Microsoft Visual Studio Solution File, Format Version 12.00
# Visual Studio 15
VisualStudioVersion = 15.0.26430.6
MinimumVisualStudioVersion = 10.0.40219.1
Project("{FAE04EC0-301F-11D3-BF4B-00C04F79EFBC}") = "K8055_TESTE", "K8055_TESTE\K8055_TESTE.csproj", "{099BD9E6-8E5F-46BE-A5C3-F4DDB2059ABB}"
EndProject
Global
	GlobalSection(SolutionConfigurationPlatforms) = preSolution
		Debug|Any CPU = Debug|Any CPU
		Release|Any CPU = Release|Any CPU
	EndGlobalSection
	GlobalSection(ProjectConfigurationPlatforms) = postSolution
		{099BD9E6-8E5F-46BE-A5C3-F4DDB2059ABB}.Debug|Any CPU.ActiveCfg = Debug|Any CPU
		{099BD9E6-8E5F-46BE-A5C3-F4DDB2059ABB}.Debug|Any CPU.Build.0 = Debug|Any CPU
		{099BD9E6-8E5F-46BE-A5C3-F4DDB2059ABB}.Release|Any CPU.ActiveCfg = Release|Any CPU
		{099BD9E6-8E5F-46BE-A5C3-F4DDB2059ABB}.Release|Any CPU.Build.0 = Release|Any CPU
	EndGlobalSection
	GlobalSection(SolutionProperties) = preSolution
		HideSolutionNode = FALSE
	EndGlobalSection
EndGlobal
